
Microsoft Visual Studio Solution File, Format Version 12.00
# Visual Studio Version 16
VisualStudioVersion = 16.0.29424.173
MinimumVisualStudioVersion = 10.0.40219.1
Project("{FAE04EC0-301F-11D3-BF4B-00C04F79EFBC}") = "App1.UWP", "App1\App1.UWP\App1.UWP.csproj", "{A01EE3C9-5F48-4121-9F16-522898B233EC}"
EndProject
Project("{FAE04EC0-301F-11D3-BF4B-00C04F79EFBC}") = "App1.Android", "App1\App1.Android\App1.Android.csproj", "{9CA5DE58-0522-4DC9-96AF-B423CAE8B1EA}"
EndProject
Project("{FAE04EC0-301F-11D3-BF4B-00C04F79EFBC}") = "App1.iOS", "App1\App1.iOS\App1.iOS.csproj", "{768703DA-9327-4759-86E3-A58BD4D431BA}"
EndProject
Project("{FAE04EC0-301F-11D3-BF4B-00C04F79EFBC}") = "App1", "App1\App1\App1.csproj", "{B1F66062-5D8A-4ACD-AB14-F7282DA31294}"
EndProject
Project("{FAE04EC0-301F-11D3-BF4B-00C04F79EFBC}") = "ClassLibrary1", "ClassLibrary1\ClassLibrary1.csproj", "{CFD90835-CCEE-47A4-8153-401161C548CD}"
EndProject
Global
	GlobalSection(SolutionConfigurationPlatforms) = preSolution
		Debug|Any CPU = Debug|Any CPU
		Debug|ARM = Debug|ARM
		Debug|iPhone = Debug|iPhone
		Debug|iPhoneSimulator = Debug|iPhoneSimulator
		Debug|x64 = Debug|x64
		Debug|x86 = Debug|x86
		Release|Any CPU = Release|Any CPU
		Release|ARM = Release|ARM
		Release|iPhone = Release|iPhone
		Release|iPhoneSimulator = Release|iPhoneSimulator
		Release|x64 = Release|x64
		Release|x86 = Release|x86
	EndGlobalSection
	GlobalSection(ProjectConfigurationPlatforms) = postSolution
		{A01EE3C9-5F48-4121-9F16-522898B233EC}.Debug|Any CPU.ActiveCfg = Debug|x86
		{A01EE3C9-5F48-4121-9F16-522898B233EC}.Debug|Any CPU.Build.0 = Debug|x86
		{A01EE3C9-5F48-4121-9F16-522898B233EC}.Debug|Any CPU.Deploy.0 = Debug|x86
		{A01EE3C9-5F48-4121-9F16-522898B233EC}.Debug|ARM.ActiveCfg = Debug|ARM
		{A01EE3C9-5F48-4121-9F16-522898B233EC}.Debug|ARM.Build.0 = Debug|ARM
		{A01EE3C9-5F48-4121-9F16-522898B233EC}.Debug|ARM.Deploy.0 = Debug|ARM
		{A01EE3C9-5F48-4121-9F16-522898B233EC}.Debug|iPhone.ActiveCfg = Debug|x86
		{A01EE3C9-5F48-4121-9F16-522898B233EC}.Debug|iPhone.Build.0 = Debug|x86
		{A01EE3C9-5F48-4121-9F16-522898B233EC}.Debug|iPhone.Deploy.0 = Debug|x86
		{A01EE3C9-5F48-4121-9F16-522898B233EC}.Debug|iPhoneSimulator.ActiveCfg = Debug|x86
		{A01EE3C9-5F48-4121-9F16-522898B233EC}.Debug|iPhoneSimulator.Build.0 = Debug|x86
		{A01EE3C9-5F48-4121-9F16-522898B233EC}.Debug|iPhoneSimulator.Deploy.0 = Debug|x86
		{A01EE3C9-5F48-4121-9F16-522898B233EC}.Debug|x64.ActiveCfg = Debug|x64
		{A01EE3C9-5F48-4121-9F16-522898B233EC}.Debug|x64.Build.0 = Debug|x64
		{A01EE3C9-5F48-4121-9F16-522898B233EC}.Debug|x64.Deploy.0 = Debug|x64
		{A01EE3C9-5F48-4121-9F16-522898B233EC}.Debug|x86.ActiveCfg = Debug|x86
		{A01EE3C9-5F48-4121-9F16-522898B233EC}.Debug|x86.Build.0 = Debug|x86
		{A01EE3C9-5F48-4121-9F16-522898B233EC}.Debug|x86.Deploy.0 = Debug|x86
		{A01EE3C9-5F48-4121-9F16-522898B233EC}.Release|Any CPU.ActiveCfg = Release|x86
		{A01EE3C9-5F48-4121-9F16-522898B233EC}.Release|Any CPU.Build.0 = Release|x86
		{A01EE3C9-5F48-4121-9F16-522898B233EC}.Release|Any CPU.Deploy.0 = Release|x86
		{A01EE3C9-5F48-4121-9F16-522898B233EC}.Release|ARM.ActiveCfg = Release|ARM
		{A01EE3C9-5F48-4121-9F16-522898B233EC}.Release|ARM.Build.0 = Release|ARM
		{A01EE3C9-5F48-4121-9F16-522898B233EC}.Release|ARM.Deploy.0 = Release|ARM
		{A01EE3C9-5F48-4121-9F16-522898B233EC}.Release|iPhone.ActiveCfg = Release|x86
		{A01EE3C9-5F48-4121-9F16-522898B233EC}.Release|iPhone.Build.0 = Release|x86
		{A01EE3C9-5F48-4121-9F16-522898B233EC}.Release|iPhone.Deploy.0 = Release|x86
		{A01EE3C9-5F48-4121-9F16-522898B233EC}.Release|iPhoneSimulator.ActiveCfg = Release|x86
		{A01EE3C9-5F48-4121-9F16-522898B233EC}.Release|iPhoneSimulator.Build.0 = Release|x86
		{A01EE3C9-5F48-4121-9F16-522898B233EC}.Release|iPhoneSimulator.Deploy.0 = Release|x86
		{A01EE3C9-5F48-4121-9F16-522898B233EC}.Release|x64.ActiveCfg = Release|x64
		{A01EE3C9-5F48-4121-9F16-522898B233EC}.Release|x64.Build.0 = Release|x64
		{A01EE3C9-5F48-4121-9F16-522898B233EC}.Release|x64.Deploy.0 = Release|x64
		{A01EE3C9-5F48-4121-9F16-522898B233EC}.Release|x86.ActiveCfg = Release|x86
		{A01EE3C9-5F48-4121-9F16-522898B233EC}.Release|x86.Build.0 = Release|x86
		{A01EE3C9-5F48-4121-9F16-522898B233EC}.Release|x86.Deploy.0 = Release|x86
		{9CA5DE58-0522-4DC9-96AF-B423CAE8B1EA}.Debug|Any CPU.ActiveCfg = Debug|Any CPU
		{9CA5DE58-0522-4DC9-96AF-B423CAE8B1EA}.Debug|Any CPU.Build.0 = Debug|Any CPU
		{9CA5DE58-0522-4DC9-96AF-B423CAE8B1EA}.Debug|Any CPU.Deploy.0 = Debug|Any CPU
		{9CA5DE58-0522-4DC9-96AF-B423CAE8B1EA}.Debug|ARM.ActiveCfg = Debug|Any CPU
		{9CA5DE58-0522-4DC9-96AF-B423CAE8B1EA}.Debug|ARM.Build.0 = Debug|Any CPU
		{9CA5DE58-0522-4DC9-96AF-B423CAE8B1EA}.Debug|ARM.Deploy.0 = Debug|Any CPU
		{9CA5DE58-0522-4DC9-96AF-B423CAE8B1EA}.Debug|iPhone.ActiveCfg = Debug|Any CPU
		{9CA5DE58-0522-4DC9-96AF-B423CAE8B1EA}.Debug|iPhone.Build.0 = Debug|Any CPU
		{9CA5DE58-0522-4DC9-96AF-B423CAE8B1EA}.Debug|iPhone.Deploy.0 = Debug|Any CPU
		{9CA5DE58-0522-4DC9-96AF-B423CAE8B1EA}.Debug|iPhoneSimulator.ActiveCfg = Debug|Any CPU
		{9CA5DE58-0522-4DC9-96AF-B423CAE8B1EA}.Debug|iPhoneSimulator.Build.0 = Debug|Any CPU
		{9CA5DE58-0522-4DC9-96AF-B423CAE8B1EA}.Debug|iPhoneSimulator.Deploy.0 = Debug|Any CPU
		{9CA5DE58-0522-4DC9-96AF-B423CAE8B1EA}.Debug|x64.ActiveCfg = Debug|Any CPU
		{9CA5DE58-0522-4DC9-96AF-B423CAE8B1EA}.Debug|x64.Build.0 = Debug|Any CPU
		{9CA5DE58-0522-4DC9-96AF-B423CAE8B1EA}.Debug|x64.Deploy.0 = Debug|Any CPU
		{9CA5DE58-0522-4DC9-96AF-B423CAE8B1EA}.Debug|x86.ActiveCfg = Debug|Any CPU
		{9CA5DE58-0522-4DC9-96AF-B423CAE8B1EA}.Debug|x86.Build.0 = Debug|Any CPU
		{9CA5DE58-0522-4DC9-96AF-B423CAE8B1EA}.Debug|x86.Deploy.0 = Debug|Any CPU
		{9CA5DE58-0522-4DC9-96AF-B423CAE8B1EA}.Release|Any CPU.ActiveCfg = Release|Any CPU
		{9CA5DE58-0522-4DC9-96AF-B423CAE8B1EA}.Release|Any CPU.Build.0 = Release|Any CPU
		{9CA5DE58-0522-4DC9-96AF-B423CAE8B1EA}.Release|Any CPU.Deploy.0 = Release|Any CPU
		{9CA5DE58-0522-4DC9-96AF-B423CAE8B1EA}.Release|ARM.ActiveCfg = Release|Any CPU
		{9CA5DE58-0522-4DC9-96AF-B423CAE8B1EA}.Release|ARM.Build.0 = Release|Any CPU
		{9CA5DE58-0522-4DC9-96AF-B423CAE8B1EA}.Release|ARM.Deploy.0 = Release|Any CPU
		{9CA5DE58-0522-4DC9-96AF-B423CAE8B1EA}.Release|iPhone.ActiveCfg = Release|Any CPU
		{9CA5DE58-0522-4DC9-96AF-B423CAE8B1EA}.Release|iPhone.Build.0 = Release|Any CPU
		{9CA5DE58-0522-4DC9-96AF-B423CAE8B1EA}.Release|iPhone.Deploy.0 = Release|Any CPU
		{9CA5DE58-0522-4DC9-96AF-B423CAE8B1EA}.Release|iPhoneSimulator.ActiveCfg = Release|Any CPU
		{9CA5DE58-0522-4DC9-96AF-B423CAE8B1EA}.Release|iPhoneSimulator.Build.0 = Release|Any CPU
		{9CA5DE58-0522-4DC9-96AF-B423CAE8B1EA}.Release|iPhoneSimulator.Deploy.0 = Release|Any CPU
		{9CA5DE58-0522-4DC9-96AF-B423CAE8B1EA}.Release|x64.ActiveCfg = Release|Any CPU
		{9CA5DE58-0522-4DC9-96AF-B423CAE8B1EA}.Release|x64.Build.0 = Release|Any CPU
		{9CA5DE58-0522-4DC9-96AF-B423CAE8B1EA}.Release|x64.Deploy.0 = Release|Any CPU
		{9CA5DE58-0522-4DC9-96AF-B423CAE8B1EA}.Release|x86.ActiveCfg = Release|Any CPU
		{9CA5DE58-0522-4DC9-96AF-B423CAE8B1EA}.Release|x86.Build.0 = Release|Any CPU
		{9CA5DE58-0522-4DC9-96AF-B423CAE8B1EA}.Release|x86.Deploy.0 = Release|Any CPU
		{768703DA-9327-4759-86E3-A58BD4D431BA}.Debug|Any CPU.ActiveCfg = Debug|iPhone
		{768703DA-9327-4759-86E3-A58BD4D431BA}.Debug|Any CPU.Build.0 = Debug|iPhone
		{768703DA-9327-4759-86E3-A58BD4D431BA}.Debug|Any CPU.Deploy.0 = Debug|iPhone
		{768703DA-9327-4759-86E3-A58BD4D431BA}.Debug|ARM.ActiveCfg = Debug|iPhoneSimulator
		{768703DA-9327-4759-86E3-A58BD4D431BA}.Debug|ARM.Build.0 = Debug|iPhoneSimulator
		{768703DA-9327-4759-86E3-A58BD4D431BA}.Debug|ARM.Deploy.0 = Debug|iPhoneSimulator
		{768703DA-9327-4759-86E3-A58BD4D431BA}.Debug|iPhone.ActiveCfg = Debug|iPhone
		{768703DA-9327-4759-86E3-A58BD4D431BA}.Debug|iPhone.Build.0 = Debug|iPhone
		{768703DA-9327-4759-86E3-A58BD4D431BA}.Debug|iPhone.Deploy.0 = Debug|iPhone
		{768703DA-9327-4759-86E3-A58BD4D431BA}.Debug|iPhoneSimulator.ActiveCfg = Debug|iPhoneSimulator
		{768703DA-9327-4759-86E3-A58BD4D431BA}.Debug|iPhoneSimulator.Build.0 = Debug|iPhoneSimulator
		{768703DA-9327-4759-86E3-A58BD4D431BA}.Debug|iPhoneSimulator.Deploy.0 = Debug|iPhoneSimulator
		{768703DA-9327-4759-86E3-A58BD4D431BA}.Debug|x64.ActiveCfg = Debug|iPhone
		{768703DA-9327-4759-86E3-A58BD4D431BA}.Debug|x64.Build.0 = Debug|iPhone
		{768703DA-9327-4759-86E3-A58BD4D431BA}.Debug|x64.Deploy.0 = Debug|iPhone
		{768703DA-9327-4759-86E3-A58BD4D431BA}.Debug|x86.ActiveCfg = Debug|iPhone
		{768703DA-9327-4759-86E3-A58BD4D431BA}.Debug|x86.Build.0 = Debug|iPhone
		{768703DA-9327-4759-86E3-A58BD4D431BA}.Debug|x86.Deploy.0 = Debug|iPhone
		{768703DA-9327-4759-86E3-A58BD4D431BA}.Release|Any CPU.ActiveCfg = Release|iPhone
		{768703DA-9327-4759-86E3-A58BD4D431BA}.Release|Any CPU.Build.0 = Release|iPhone
		{768703DA-9327-4759-86E3-A58BD4D431BA}.Release|Any CPU.Deploy.0 = Release|iPhone
		{768703DA-9327-4759-86E3-A58BD4D431BA}.Release|ARM.ActiveCfg = Release|iPhone
		{768703DA-9327-4759-86E3-A58BD4D431BA}.Release|ARM.Build.0 = Release|iPhone
		{768703DA-9327-4759-86E3-A58BD4D431BA}.Release|ARM.Deploy.0 = Release|iPhone
		{768703DA-9327-4759-86E3-A58BD4D431BA}.Release|iPhone.ActiveCfg = Release|iPhone
		{768703DA-9327-4759-86E3-A58BD4D431BA}.Release|iPhone.Build.0 = Release|iPhone
		{768703DA-9327-4759-86E3-A58BD4D431BA}.Release|iPhone.Deploy.0 = Release|iPhone
		{768703DA-9327-4759-86E3-A58BD4D431BA}.Release|iPhoneSimulator.ActiveCfg = Release|iPhoneSimulator
		{768703DA-9327-4759-86E3-A58BD4D431BA}.Release|iPhoneSimulator.Build.0 = Release|iPhoneSimulator
		{768703DA-9327-4759-86E3-A58BD4D431BA}.Release|iPhoneSimulator.Deploy.0 = Release|iPhoneSimulator
		{768703DA-9327-4759-86E3-A58BD4D431BA}.Release|x64.ActiveCfg = Release|iPhone
		{768703DA-9327-4759-86E3-A58BD4D431BA}.Release|x64.Build.0 = Release|iPhone
		{768703DA-9327-4759-86E3-A58BD4D431BA}.Release|x64.Deploy.0 = Release|iPhone
		{768703DA-9327-4759-86E3-A58BD4D431BA}.Release|x86.ActiveCfg = Release|iPhone
		{768703DA-9327-4759-86E3-A58BD4D431BA}.Release|x86.Build.0 = Release|iPhone
		{768703DA-9327-4759-86E3-A58BD4D431BA}.Release|x86.Deploy.0 = Release|iPhone
		{B1F66062-5D8A-4ACD-AB14-F7282DA31294}.Debug|Any CPU.ActiveCfg = Debug|Any CPU
		{B1F66062-5D8A-4ACD-AB14-F7282DA31294}.Debug|Any CPU.Build.0 = Debug|Any CPU
		{B1F66062-5D8A-4ACD-AB14-F7282DA31294}.Debug|Any CPU.Deploy.0 = Debug|Any CPU
		{B1F66062-5D8A-4ACD-AB14-F7282DA31294}.Debug|ARM.ActiveCfg = Debug|Any CPU
		{B1F66062-5D8A-4ACD-AB14-F7282DA31294}.Debug|ARM.Build.0 = Debug|Any CPU
		{B1F66062-5D8A-4ACD-AB14-F7282DA31294}.Debug|ARM.Deploy.0 = Debug|Any CPU
		{B1F66062-5D8A-4ACD-AB14-F7282DA31294}.Debug|iPhone.ActiveCfg = Debug|Any CPU
		{B1F66062-5D8A-4ACD-AB14-F7282DA31294}.Debug|iPhone.Build.0 = Debug|Any CPU
		{B1F66062-5D8A-4ACD-AB14-F7282DA31294}.Debug|iPhone.Deploy.0 = Debug|Any CPU
		{B1F66062-5D8A-4ACD-AB14-F7282DA31294}.Debug|iPhoneSimulator.ActiveCfg = Debug|Any CPU
		{B1F66062-5D8A-4ACD-AB14-F7282DA31294}.Debug|iPhoneSimulator.Build.0 = Debug|Any CPU
		{B1F66062-5D8A-4ACD-AB14-F7282DA31294}.Debug|iPhoneSimulator.Deploy.0 = Debug|Any CPU
		{B1F66062-5D8A-4ACD-AB14-F7282DA31294}.Debug|x64.ActiveCfg = Debug|Any CPU
		{B1F66062-5D8A-4ACD-AB14-F7282DA31294}.Debug|x64.Build.0 = Debug|Any CPU
		{B1F66062-5D8A-4ACD-AB14-F7282DA31294}.Debug|x64.Deploy.0 = Debug|Any CPU
		{B1F66062-5D8A-4ACD-AB14-F7282DA31294}.Debug|x86.ActiveCfg = Debug|Any CPU
		{B1F66062-5D8A-4ACD-AB14-F7282DA31294}.Debug|x86.Build.0 = Debug|Any CPU
		{B1F66062-5D8A-4ACD-AB14-F7282DA31294}.Debug|x86.Deploy.0 = Debug|Any CPU
		{B1F66062-5D8A-4ACD-AB14-F7282DA31294}.Release|Any CPU.ActiveCfg = Release|Any CPU
		{B1F66062-5D8A-4ACD-AB14-F7282DA31294}.Release|Any CPU.Build.0 = Release|Any CPU
		{B1F66062-5D8A-4ACD-AB14-F7282DA31294}.Release|Any CPU.Deploy.0 = Release|Any CPU
		{B1F66062-5D8A-4ACD-AB14-F7282DA31294}.Release|ARM.ActiveCfg = Release|Any CPU
		{B1F66062-5D8A-4ACD-AB14-F7282DA31294}.Release|ARM.Build.0 = Release|Any CPU
		{B1F66062-5D8A-4ACD-AB14-F7282DA31294}.Release|ARM.Deploy.0 = Release|Any CPU
		{B1F66062-5D8A-4ACD-AB14-F7282DA31294}.Release|iPhone.ActiveCfg = Release|Any CPU
		{B1F66062-5D8A-4ACD-AB14-F7282DA31294}.Release|iPhone.Build.0 = Release|Any CPU
		{B1F66062-5D8A-4ACD-AB14-F7282DA31294}.Release|iPhone.Deploy.0 = Release|Any CPU
		{B1F66062-5D8A-4ACD-AB14-F7282DA31294}.Release|iPhoneSimulator.ActiveCfg = Release|Any CPU
		{B1F66062-5D8A-4ACD-AB14-F7282DA31294}.Release|iPhoneSimulator.Build.0 = Release|Any CPU
		{B1F66062-5D8A-4ACD-AB14-F7282DA31294}.Release|iPhoneSimulator.Deploy.0 = Release|Any CPU
		{B1F66062-5D8A-4ACD-AB14-F7282DA31294}.Release|x64.ActiveCfg = Release|Any CPU
		{B1F66062-5D8A-4ACD-AB14-F7282DA31294}.Release|x64.Build.0 = Release|Any CPU
		{B1F66062-5D8A-4ACD-AB14-F7282DA31294}.Release|x64.Deploy.0 = Release|Any CPU
		{B1F66062-5D8A-4ACD-AB14-F7282DA31294}.Release|x86.ActiveCfg = Release|Any CPU
		{B1F66062-5D8A-4ACD-AB14-F7282DA31294}.Release|x86.Build.0 = Release|Any CPU
		{B1F66062-5D8A-4ACD-AB14-F7282DA31294}.Release|x86.Deploy.0 = Release|Any CPU
		{CFD90835-CCEE-47A4-8153-401161C548CD}.Debug|Any CPU.ActiveCfg = Debug|Any CPU
		{CFD90835-CCEE-47A4-8153-401161C548CD}.Debug|Any CPU.Build.0 = Debug|Any CPU
		{CFD90835-CCEE-47A4-8153-401161C548CD}.Debug|ARM.ActiveCfg = Debug|Any CPU
		{CFD90835-CCEE-47A4-8153-401161C548CD}.Debug|ARM.Build.0 = Debug|Any CPU
		{CFD90835-CCEE-47A4-8153-401161C548CD}.Debug|iPhone.ActiveCfg = Debug|Any CPU
		{CFD90835-CCEE-47A4-8153-401161C548CD}.Debug|iPhone.Build.0 = Debug|Any CPU
		{CFD90835-CCEE-47A4-8153-401161C548CD}.Debug|iPhoneSimulator.ActiveCfg = Debug|Any CPU
		{CFD90835-CCEE-47A4-8153-401161C548CD}.Debug|iPhoneSimulator.Build.0 = Debug|Any CPU
		{CFD90835-CCEE-47A4-8153-401161C548CD}.Debug|x64.ActiveCfg = Debug|Any CPU
		{CFD90835-CCEE-47A4-8153-401161C548CD}.Debug|x64.Build.0 = Debug|Any CPU
		{CFD90835-CCEE-47A4-8153-401161C548CD}.Debug|x86.ActiveCfg = Debug|Any CPU
		{CFD90835-CCEE-47A4-8153-401161C548CD}.Debug|x86.Build.0 = Debug|Any CPU
		{CFD90835-CCEE-47A4-8153-401161C548CD}.Release|Any CPU.ActiveCfg = Release|Any CPU
		{CFD90835-CCEE-47A4-8153-401161C548CD}.Release|Any CPU.Build.0 = Release|Any CPU
		{CFD90835-CCEE-47A4-8153-401161C548CD}.Release|ARM.ActiveCfg = Release|Any CPU
		{CFD90835-CCEE-47A4-8153-401161C548CD}.Release|ARM.Build.0 = Release|Any CPU
		{CFD90835-CCEE-47A4-8153-401161C548CD}.Release|iPhone.ActiveCfg = Release|Any CPU
		{CFD90835-CCEE-47A4-8153-401161C548CD}.Release|iPhone.Build.0 = Release|Any CPU
		{CFD90835-CCEE-47A4-8153-401161C548CD}.Release|iPhoneSimulator.ActiveCfg = Release|Any CPU
		{CFD90835-CCEE-47A4-8153-401161C548CD}.Release|iPhoneSimulator.Build.0 = Release|Any CPU
		{CFD90835-CCEE-47A4-8153-401161C548CD}.Release|x64.ActiveCfg = Release|Any CPU
		{CFD90835-CCEE-47A4-8153-401161C548CD}.Release|x64.Build.0 = Release|Any CPU
		{CFD90835-CCEE-47A4-8153-401161C548CD}.Release|x86.ActiveCfg = Release|Any CPU
		{CFD90835-CCEE-47A4-8153-401161C548CD}.Release|x86.Build.0 = Release|Any CPU
	EndGlobalSection
	GlobalSection(SolutionProperties) = preSolution
		HideSolutionNode = FALSE
	EndGlobalSection
	GlobalSection(ExtensibilityGlobals) = postSolution
		SolutionGuid = {5D1AE31D-B850-4F71-8775-A8E056C040C5}
	EndGlobalSection
EndGlobal
