
Microsoft Visual Studio Solution File, Format Version 12.00
# Visual Studio Version 16
VisualStudioVersion = 16.0.29424.173
MinimumVisualStudioVersion = 10.0.40219.1
Project("{FAE04EC0-301F-11D3-BF4B-00C04F79EFBC}") = "HalloWeb", "HalloWeb\HalloWeb.csproj", "{FB8D1B6D-D2F1-4D1C-BAA6-0358271F3BC8}"
EndProject
Global
	GlobalSection(SolutionConfigurationPlatforms) = preSolution
		Debug|Any CPU = Debug|Any CPU
		Release|Any CPU = Release|Any CPU
	EndGlobalSection
	GlobalSection(ProjectConfigurationPlatforms) = postSolution
		{FB8D1B6D-D2F1-4D1C-BAA6-0358271F3BC8}.Debug|Any CPU.ActiveCfg = Debug|Any CPU
		{FB8D1B6D-D2F1-4D1C-BAA6-0358271F3BC8}.Debug|Any CPU.Build.0 = Debug|Any CPU
		{FB8D1B6D-D2F1-4D1C-BAA6-0358271F3BC8}.Release|Any CPU.ActiveCfg = Release|Any CPU
		{FB8D1B6D-D2F1-4D1C-BAA6-0358271F3BC8}.Release|Any CPU.Build.0 = Release|Any CPU
	EndGlobalSection
	GlobalSection(SolutionProperties) = preSolution
		HideSolutionNode = FALSE
	EndGlobalSection
	GlobalSection(ExtensibilityGlobals) = postSolution
		SolutionGuid = {27961492-5B59-44A7-ACA0-257ACCBFC979}
	EndGlobalSection
EndGlobal
